
Microsoft Visual Studio Solution File, Format Version 12.00
# Visual Studio Version 16
VisualStudioVersion = 16.0.31729.503
MinimumVisualStudioVersion = 10.0.40219.1
Project("{FAE04EC0-301F-11D3-BF4B-00C04F79EFBC}") = "LibraryManagementSystem", "LibraryManagementSystem\LibraryManagementSystem.csproj", "{C82B7820-3BC8-49A7-A2D7-BC0A3FB2225E}"
EndProject
Global
	GlobalSection(SolutionConfigurationPlatforms) = preSolution
		Debug|Any CPU = Debug|Any CPU
		Release|Any CPU = Release|Any CPU
	EndGlobalSection
	GlobalSection(ProjectConfigurationPlatforms) = postSolution
		{C82B7820-3BC8-49A7-A2D7-BC0A3FB2225E}.Debug|Any CPU.ActiveCfg = Debug|Any CPU
		{C82B7820-3BC8-49A7-A2D7-BC0A3FB2225E}.Debug|Any CPU.Build.0 = Debug|Any CPU
		{C82B7820-3BC8-49A7-A2D7-BC0A3FB2225E}.Release|Any CPU.ActiveCfg = Release|Any CPU
		{C82B7820-3BC8-49A7-A2D7-BC0A3FB2225E}.Release|Any CPU.Build.0 = Release|Any CPU
	EndGlobalSection
	GlobalSection(SolutionProperties) = preSolution
		HideSolutionNode = FALSE
	EndGlobalSection
	GlobalSection(ExtensibilityGlobals) = postSolution
		SolutionGuid = {09AC905F-8C82-43A8-A041-D5215263429C}
	EndGlobalSection
EndGlobal
